
Microsoft Visual Studio Solution File, Format Version 12.00
# Visual Studio Version 16
VisualStudioVersion = 16.0.34729.46
MinimumVisualStudioVersion = 10.0.40219.1
Project("{FAE04EC0-301F-11D3-BF4B-00C04F79EFBC}") = "ImageExDemo", "OpenCvDemo\ImageExDemo.csproj", "{77AC1488-0410-473B-BA2E-F623FC61DE82}"
EndProject
Global
	GlobalSection(SolutionConfigurationPlatforms) = preSolution
		Debug|Any CPU = Debug|Any CPU
		Release|Any CPU = Release|Any CPU
	EndGlobalSection
	GlobalSection(ProjectConfigurationPlatforms) = postSolution
		{77AC1488-0410-473B-BA2E-F623FC61DE82}.Debug|Any CPU.ActiveCfg = Debug|Any CPU
		{77AC1488-0410-473B-BA2E-F623FC61DE82}.Debug|Any CPU.Build.0 = Debug|Any CPU
		{77AC1488-0410-473B-BA2E-F623FC61DE82}.Release|Any CPU.ActiveCfg = Release|Any CPU
		{77AC1488-0410-473B-BA2E-F623FC61DE82}.Release|Any CPU.Build.0 = Release|Any CPU
	EndGlobalSection
	GlobalSection(SolutionProperties) = preSolution
		HideSolutionNode = FALSE
	EndGlobalSection
	GlobalSection(ExtensibilityGlobals) = postSolution
		SolutionGuid = {54464555-015F-49AB-8D15-213797C8A0A2}
	EndGlobalSection
EndGlobal
